
Microsoft Visual Studio Solution File, Format Version 12.00
# Visual Studio Version 17
VisualStudioVersion = 17.0.31919.166
MinimumVisualStudioVersion = 10.0.40219.1
Project("{FAE04EC0-301F-11D3-BF4B-00C04F79EFBC}") = "Day1", "Day1\Day1.csproj", "{3E3C0747-FA5D-42DA-B120-1EC4BD5DAC72}"
EndProject
Global
	GlobalSection(SolutionConfigurationPlatforms) = preSolution
		Debug|Any CPU = Debug|Any CPU
		Release|Any CPU = Release|Any CPU
	EndGlobalSection
	GlobalSection(ProjectConfigurationPlatforms) = postSolution
		{3E3C0747-FA5D-42DA-B120-1EC4BD5DAC72}.Debug|Any CPU.ActiveCfg = Debug|Any CPU
		{3E3C0747-FA5D-42DA-B120-1EC4BD5DAC72}.Debug|Any CPU.Build.0 = Debug|Any CPU
		{3E3C0747-FA5D-42DA-B120-1EC4BD5DAC72}.Release|Any CPU.ActiveCfg = Release|Any CPU
		{3E3C0747-FA5D-42DA-B120-1EC4BD5DAC72}.Release|Any CPU.Build.0 = Release|Any CPU
	EndGlobalSection
	GlobalSection(SolutionProperties) = preSolution
		HideSolutionNode = FALSE
	EndGlobalSection
	GlobalSection(ExtensibilityGlobals) = postSolution
		SolutionGuid = {BD0192AC-C105-473C-AE79-24AB6C50A4F4}
	EndGlobalSection
EndGlobal
